
Microsoft Visual Studio Solution File, Format Version 12.00
# Visual Studio Version 17
VisualStudioVersion = 17.2.32630.192
MinimumVisualStudioVersion = 10.0.40219.1
Project("{FAE04EC0-301F-11D3-BF4B-00C04F79EFBC}") = "SimpleChatApp_SignalR.Server", "SimpleChatApp-SignalR\Server\SimpleChatApp_SignalR.Server.csproj", "{E4E23502-FC13-41C5-8E52-29BC876D5CC7}"
EndProject
Project("{FAE04EC0-301F-11D3-BF4B-00C04F79EFBC}") = "SimpleChatApp_SignalR.Client", "SimpleChatApp-SignalR\Client\SimpleChatApp_SignalR.Client.csproj", "{E51F4BBE-4F71-4940-BB84-0D6D1CFBFA61}"
EndProject
Project("{FAE04EC0-301F-11D3-BF4B-00C04F79EFBC}") = "SimpleChatApp_SignalR.Shared", "SimpleChatApp-SignalR\Shared\SimpleChatApp_SignalR.Shared.csproj", "{050780CD-11F7-4516-9ABC-E37D2BEED5D6}"
EndProject
Global
	GlobalSection(SolutionConfigurationPlatforms) = preSolution
		Debug|Any CPU = Debug|Any CPU
		Release|Any CPU = Release|Any CPU
	EndGlobalSection
	GlobalSection(ProjectConfigurationPlatforms) = postSolution
		{E4E23502-FC13-41C5-8E52-29BC876D5CC7}.Debug|Any CPU.ActiveCfg = Debug|Any CPU
		{E4E23502-FC13-41C5-8E52-29BC876D5CC7}.Debug|Any CPU.Build.0 = Debug|Any CPU
		{E4E23502-FC13-41C5-8E52-29BC876D5CC7}.Release|Any CPU.ActiveCfg = Release|Any CPU
		{E4E23502-FC13-41C5-8E52-29BC876D5CC7}.Release|Any CPU.Build.0 = Release|Any CPU
		{E51F4BBE-4F71-4940-BB84-0D6D1CFBFA61}.Debug|Any CPU.ActiveCfg = Debug|Any CPU
		{E51F4BBE-4F71-4940-BB84-0D6D1CFBFA61}.Debug|Any CPU.Build.0 = Debug|Any CPU
		{E51F4BBE-4F71-4940-BB84-0D6D1CFBFA61}.Release|Any CPU.ActiveCfg = Release|Any CPU
		{E51F4BBE-4F71-4940-BB84-0D6D1CFBFA61}.Release|Any CPU.Build.0 = Release|Any CPU
		{050780CD-11F7-4516-9ABC-E37D2BEED5D6}.Debug|Any CPU.ActiveCfg = Debug|Any CPU
		{050780CD-11F7-4516-9ABC-E37D2BEED5D6}.Debug|Any CPU.Build.0 = Debug|Any CPU
		{050780CD-11F7-4516-9ABC-E37D2BEED5D6}.Release|Any CPU.ActiveCfg = Release|Any CPU
		{050780CD-11F7-4516-9ABC-E37D2BEED5D6}.Release|Any CPU.Build.0 = Release|Any CPU
	EndGlobalSection
	GlobalSection(SolutionProperties) = preSolution
		HideSolutionNode = FALSE
	EndGlobalSection
	GlobalSection(ExtensibilityGlobals) = postSolution
		SolutionGuid = {3B2D63B2-C322-4992-B35E-8CF8755EFE74}
	EndGlobalSection
EndGlobal
